
Microsoft Visual Studio Solution File, Format Version 12.00
# Visual Studio Version 17
VisualStudioVersion = 17.11.35327.3
MinimumVisualStudioVersion = 10.0.40219.1
Project("{FAE04EC0-301F-11D3-BF4B-00C04F79EFBC}") = "BusHandler", "BusHandler\BusHandler.csproj", "{4ACF0E30-CE76-43F5-BDF7-E076F68076AB}"
EndProject
Global
	GlobalSection(SolutionConfigurationPlatforms) = preSolution
		Debug|Any CPU = Debug|Any CPU
		Release|Any CPU = Release|Any CPU
	EndGlobalSection
	GlobalSection(ProjectConfigurationPlatforms) = postSolution
		{4ACF0E30-CE76-43F5-BDF7-E076F68076AB}.Debug|Any CPU.ActiveCfg = Debug|Any CPU
		{4ACF0E30-CE76-43F5-BDF7-E076F68076AB}.Debug|Any CPU.Build.0 = Debug|Any CPU
		{4ACF0E30-CE76-43F5-BDF7-E076F68076AB}.Release|Any CPU.ActiveCfg = Release|Any CPU
		{4ACF0E30-CE76-43F5-BDF7-E076F68076AB}.Release|Any CPU.Build.0 = Release|Any CPU
	EndGlobalSection
	GlobalSection(SolutionProperties) = preSolution
		HideSolutionNode = FALSE
	EndGlobalSection
	GlobalSection(ExtensibilityGlobals) = postSolution
		SolutionGuid = {80F8A371-B2DC-4B88-B511-890C3D0D69CF}
	EndGlobalSection
EndGlobal
